
Microsoft Visual Studio Solution File, Format Version 12.00
# Visual Studio Version 17
VisualStudioVersion = 17.10.34928.147
MinimumVisualStudioVersion = 10.0.40219.1
Project("{FAE04EC0-301F-11D3-BF4B-00C04F79EFBC}") = "ALQANCHA", "ALQANCHA\ALQANCHA.csproj", "{D49DE4F8-B3F9-48E2-A85E-445C0F0A3A27}"
EndProject
Global
	GlobalSection(SolutionConfigurationPlatforms) = preSolution
		Debug|Any CPU = Debug|Any CPU
		Release|Any CPU = Release|Any CPU
	EndGlobalSection
	GlobalSection(ProjectConfigurationPlatforms) = postSolution
		{D49DE4F8-B3F9-48E2-A85E-445C0F0A3A27}.Debug|Any CPU.ActiveCfg = Debug|Any CPU
		{D49DE4F8-B3F9-48E2-A85E-445C0F0A3A27}.Debug|Any CPU.Build.0 = Debug|Any CPU
		{D49DE4F8-B3F9-48E2-A85E-445C0F0A3A27}.Release|Any CPU.ActiveCfg = Release|Any CPU
		{D49DE4F8-B3F9-48E2-A85E-445C0F0A3A27}.Release|Any CPU.Build.0 = Release|Any CPU
	EndGlobalSection
	GlobalSection(SolutionProperties) = preSolution
		HideSolutionNode = FALSE
	EndGlobalSection
	GlobalSection(ExtensibilityGlobals) = postSolution
		SolutionGuid = {657B3544-689C-4039-9CB3-9696699F8925}
	EndGlobalSection
EndGlobal
